// !$*UTF8*$!
{
	archiveVersion = 1;
	classes = {
	};
	objectVersion = 48;
	objects = {

/* Begin PBXBuildFile section */
		2027CDA08A444739C297BDD4 /* Pods_qiscus_sdk_ios_sample_v2Tests.framework in Frameworks */ = {isa = PBXBuildFile; fileRef = 37EAB425F960634838704550 /* Pods_qiscus_sdk_ios_sample_v2Tests.framework */; };
		69BD8B15D4381105408666BB /* Pods_qiscus_sdk_ios_sample_v2.framework in Frameworks */ = {isa = PBXBuildFile; fileRef = 4ADF9936243519949EDC306E /* Pods_qiscus_sdk_ios_sample_v2.framework */; };
		A242AEF4E3E47DB70EA17818 /* Pods_qiscus_sdk_ios_sample_v2UITests.framework in Frameworks */ = {isa = PBXBuildFile; fileRef = 3447BE6071916A765D72FD64 /* Pods_qiscus_sdk_ios_sample_v2UITests.framework */; };
		CC018FDC1FB3469000396446 /* NamePictureCell.swift in Sources */ = {isa = PBXBuildFile; fileRef = CC018FDA1FB3469000396446 /* NamePictureCell.swift */; };
		CC018FDD1FB3469000396446 /* NamePictureCell.xib in Resources */ = {isa = PBXBuildFile; fileRef = CC018FDB1FB3469000396446 /* NamePictureCell.xib */; };
		CC018FE21FB347C700396446 /* ParticipantCell.swift in Sources */ = {isa = PBXBuildFile; fileRef = CC018FE01FB347C700396446 /* ParticipantCell.swift */; };
		CC018FE31FB347C700396446 /* ParticipantCell.xib in Resources */ = {isa = PBXBuildFile; fileRef = CC018FE11FB347C700396446 /* ParticipantCell.xib */; };
		CC018FE71FB42FEF00396446 /* DetailContactVC.swift in Sources */ = {isa = PBXBuildFile; fileRef = CC018FE51FB42FEF00396446 /* DetailContactVC.swift */; };
		CC018FE81FB42FEF00396446 /* DetailContactVC.xib in Resources */ = {isa = PBXBuildFile; fileRef = CC018FE61FB42FEF00396446 /* DetailContactVC.xib */; };
		CC018FEB1FB4314D00396446 /* LeaveCell.swift in Sources */ = {isa = PBXBuildFile; fileRef = CC018FE91FB4314D00396446 /* LeaveCell.swift */; };
		CC018FEC1FB4314D00396446 /* LeaveCell.xib in Resources */ = {isa = PBXBuildFile; fileRef = CC018FEA1FB4314D00396446 /* LeaveCell.xib */; };
		CC018FF11FB43FCB00396446 /* ContactModel.swift in Sources */ = {isa = PBXBuildFile; fileRef = CC018FF01FB43FCB00396446 /* ContactModel.swift */; };
		CC018FF31FB4461E00396446 /* ContactListViewModel.swift in Sources */ = {isa = PBXBuildFile; fileRef = CC018FF21FB4461E00396446 /* ContactListViewModel.swift */; };
		CC018FF71FB4481600396446 /* ContactCell.swift in Sources */ = {isa = PBXBuildFile; fileRef = CC018FF51FB4481600396446 /* ContactCell.swift */; };
		CC018FF81FB4481600396446 /* ContactCell.xib in Resources */ = {isa = PBXBuildFile; fileRef = CC018FF61FB4481600396446 /* ContactCell.xib */; };
		CC0973C81FB5795C007F31C1 /* ChatNewViewModel.swift in Sources */ = {isa = PBXBuildFile; fileRef = CC0973C71FB5795C007F31C1 /* ChatNewViewModel.swift */; };
		CC0973CC1FB57996007F31C1 /* CreateGroupCell.swift in Sources */ = {isa = PBXBuildFile; fileRef = CC0973CA1FB57996007F31C1 /* CreateGroupCell.swift */; };
		CC0973CD1FB57996007F31C1 /* CreateGroupCell.xib in Resources */ = {isa = PBXBuildFile; fileRef = CC0973CB1FB57996007F31C1 /* CreateGroupCell.xib */; };
		CC0973D01FB57AC2007F31C1 /* CreateStrangerCell.swift in Sources */ = {isa = PBXBuildFile; fileRef = CC0973CE1FB57AC2007F31C1 /* CreateStrangerCell.swift */; };
		CC0973D11FB57AC2007F31C1 /* CreateStrangerCell.xib in Resources */ = {isa = PBXBuildFile; fileRef = CC0973CF1FB57AC2007F31C1 /* CreateStrangerCell.xib */; };
		CC0973D41FB58A62007F31C1 /* SelectContactCell.swift in Sources */ = {isa = PBXBuildFile; fileRef = CC0973D21FB58A62007F31C1 /* SelectContactCell.swift */; };
		CC0973D51FB58A62007F31C1 /* SelectContactCell.xib in Resources */ = {isa = PBXBuildFile; fileRef = CC0973D31FB58A62007F31C1 /* SelectContactCell.xib */; };
		CC2356171FB76F720007EA37 /* BaseApplication.swift in Sources */ = {isa = PBXBuildFile; fileRef = CC2356161FB76F720007EA37 /* BaseApplication.swift */; };
		CC23561A1FB8147F0007EA37 /* ChatManager.swift in Sources */ = {isa = PBXBuildFile; fileRef = CC2356191FB8147F0007EA37 /* ChatManager.swift */; };
		CC23561E1FB82D930007EA37 /* SettingVC.swift in Sources */ = {isa = PBXBuildFile; fileRef = CC23561C1FB82D930007EA37 /* SettingVC.swift */; };
		CC23561F1FB82D930007EA37 /* SettingVC.xib in Resources */ = {isa = PBXBuildFile; fileRef = CC23561D1FB82D930007EA37 /* SettingVC.xib */; };
		CC2356221FB85EB30007EA37 /* GroupNewViewModel.swift in Sources */ = {isa = PBXBuildFile; fileRef = CC2356211FB85EB20007EA37 /* GroupNewViewModel.swift */; };
		CC23562A1FB861060007EA37 /* ParticipantCollCell.swift in Sources */ = {isa = PBXBuildFile; fileRef = CC2356281FB861060007EA37 /* ParticipantCollCell.swift */; };
		CC23562B1FB861060007EA37 /* ParticipantCollCell.xib in Resources */ = {isa = PBXBuildFile; fileRef = CC2356291FB861060007EA37 /* ParticipantCollCell.xib */; };
		CC23562D1FB863EE0007EA37 /* CGFloat.swift in Sources */ = {isa = PBXBuildFile; fileRef = CC23562C1FB863EE0007EA37 /* CGFloat.swift */; };
		CCABBC721FB187D90039B34E /* AppDelegate.swift in Sources */ = {isa = PBXBuildFile; fileRef = CCABBC711FB187D90039B34E /* AppDelegate.swift */; };
		CCABBC791FB187D90039B34E /* Assets.xcassets in Resources */ = {isa = PBXBuildFile; fileRef = CCABBC781FB187D90039B34E /* Assets.xcassets */; };
		CCABBC7C1FB187D90039B34E /* LaunchScreen.storyboard in Resources */ = {isa = PBXBuildFile; fileRef = CCABBC7A1FB187D90039B34E /* LaunchScreen.storyboard */; };
		CCABBC871FB187D90039B34E /* qiscus_sdk_ios_sample_v2Tests.swift in Sources */ = {isa = PBXBuildFile; fileRef = CCABBC861FB187D90039B34E /* qiscus_sdk_ios_sample_v2Tests.swift */; };
		CCABBC921FB187D90039B34E /* qiscus_sdk_ios_sample_v2UITests.swift in Sources */ = {isa = PBXBuildFile; fileRef = CCABBC911FB187D90039B34E /* qiscus_sdk_ios_sample_v2UITests.swift */; };
		CCABBCA61FB188940039B34E /* MainVC.swift in Sources */ = {isa = PBXBuildFile; fileRef = CCABBCA41FB188940039B34E /* MainVC.swift */; };
		CCABBCA71FB188950039B34E /* MainVC.xib in Resources */ = {isa = PBXBuildFile; fileRef = CCABBCA51FB188940039B34E /* MainVC.xib */; };
		CCABBCA91FB188BE0039B34E /* Helpers.swift in Sources */ = {isa = PBXBuildFile; fileRef = CCABBCA81FB188BE0039B34E /* Helpers.swift */; };
		CCABBCAE1FB19FC70039B34E /* UIViewController.swift in Sources */ = {isa = PBXBuildFile; fileRef = CCABBCAD1FB19FC70039B34E /* UIViewController.swift */; };
		CCD689C91FB725B500235674 /* ChatListViewModel.swift in Sources */ = {isa = PBXBuildFile; fileRef = CCD689C81FB725B500235674 /* ChatListViewModel.swift */; };
		CCD689D41FB73C4500235674 /* NewStrangerVC.swift in Sources */ = {isa = PBXBuildFile; fileRef = CCD689D21FB73C4500235674 /* NewStrangerVC.swift */; };
		CCD689D51FB73C4500235674 /* NewStrangerVC.xib in Resources */ = {isa = PBXBuildFile; fileRef = CCD689D31FB73C4500235674 /* NewStrangerVC.xib */; };
		CCD689D91FB7480900235674 /* ContactPictureCell.swift in Sources */ = {isa = PBXBuildFile; fileRef = CCD689D71FB7480900235674 /* ContactPictureCell.swift */; };
		CCD689DA1FB7480900235674 /* ContactPictureCell.xib in Resources */ = {isa = PBXBuildFile; fileRef = CCD689D81FB7480900235674 /* ContactPictureCell.xib */; };
		CCD689DD1FB748BD00235674 /* ContactDetailCell.swift in Sources */ = {isa = PBXBuildFile; fileRef = CCD689DB1FB748BD00235674 /* ContactDetailCell.swift */; };
		CCD689DE1FB748BD00235674 /* ContactDetailCell.xib in Resources */ = {isa = PBXBuildFile; fileRef = CCD689DC1FB748BD00235674 /* ContactDetailCell.xib */; };
		CCD689E01FB74AD300235674 /* ContactDetailViewModel.swift in Sources */ = {isa = PBXBuildFile; fileRef = CCD689DF1FB74AD300235674 /* ContactDetailViewModel.swift */; };
		CCD689E31FB763BB00235674 /* Preference.swift in Sources */ = {isa = PBXBuildFile; fileRef = CCD689E21FB763BB00235674 /* Preference.swift */; };
		CCD689E51FB764EC00235674 /* Utilities.swift in Sources */ = {isa = PBXBuildFile; fileRef = CCD689E41FB764EC00235674 /* Utilities.swift */; };
		CCDD6F421FB1AC7500D24921 /* ChatListVC.swift in Sources */ = {isa = PBXBuildFile; fileRef = CCDD6F401FB1AC7500D24921 /* ChatListVC.swift */; };
		CCDD6F431FB1AC7500D24921 /* ChatListVC.xib in Resources */ = {isa = PBXBuildFile; fileRef = CCDD6F411FB1AC7500D24921 /* ChatListVC.xib */; };
		CCDD6F491FB1B57800D24921 /* ChatCell.swift in Sources */ = {isa = PBXBuildFile; fileRef = CCDD6F471FB1B57800D24921 /* ChatCell.swift */; };
		CCDD6F4A1FB1B57800D24921 /* ChatCell.xib in Resources */ = {isa = PBXBuildFile; fileRef = CCDD6F481FB1B57800D24921 /* ChatCell.xib */; };
		CCDD6F4C1FB1BC5C00D24921 /* UIColor.swift in Sources */ = {isa = PBXBuildFile; fileRef = CCDD6F4B1FB1BC5C00D24921 /* UIColor.swift */; };
		CCDD6F4E1FB2ADFF00D24921 /* UIImageView.swift in Sources */ = {isa = PBXBuildFile; fileRef = CCDD6F4D1FB2ADFF00D24921 /* UIImageView.swift */; };
		CCDD6F521FB2B67500D24921 /* ContactVC.swift in Sources */ = {isa = PBXBuildFile; fileRef = CCDD6F501FB2B67500D24921 /* ContactVC.swift */; };
		CCDD6F531FB2B67500D24921 /* ContactVC.xib in Resources */ = {isa = PBXBuildFile; fileRef = CCDD6F511FB2B67500D24921 /* ContactVC.xib */; };
		CCDD6F571FB2BAD600D24921 /* NewChatVC.swift in Sources */ = {isa = PBXBuildFile; fileRef = CCDD6F551FB2BAD600D24921 /* NewChatVC.swift */; };
		CCDD6F581FB2BAD600D24921 /* NewChatVC.xib in Resources */ = {isa = PBXBuildFile; fileRef = CCDD6F561FB2BAD600D24921 /* NewChatVC.xib */; };
		CCDD6F5C1FB2BC9200D24921 /* NewGroupVC.swift in Sources */ = {isa = PBXBuildFile; fileRef = CCDD6F5A1FB2BC9200D24921 /* NewGroupVC.swift */; };
		CCDD6F5D1FB2BC9200D24921 /* NewGroupVC.xib in Resources */ = {isa = PBXBuildFile; fileRef = CCDD6F5B1FB2BC9200D24921 /* NewGroupVC.xib */; };
		CCDD6F601FB2BCEB00D24921 /* NewGroupNameVC.swift in Sources */ = {isa = PBXBuildFile; fileRef = CCDD6F5E1FB2BCEB00D24921 /* NewGroupNameVC.swift */; };
		CCDD6F611FB2BCEB00D24921 /* NewGroupNameVC.xib in Resources */ = {isa = PBXBuildFile; fileRef = CCDD6F5F1FB2BCEB00D24921 /* NewGroupNameVC.xib */; };
		CCDD6F631FB2DA9700D24921 /* UILoadingView.swift in Sources */ = {isa = PBXBuildFile; fileRef = CCDD6F621FB2DA9700D24921 /* UILoadingView.swift */; };
		CCDD6F6B1FB2E02000D24921 /* DetailChatVC.swift in Sources */ = {isa = PBXBuildFile; fileRef = CCDD6F691FB2E02000D24921 /* DetailChatVC.swift */; };
		CCDD6F6C1FB2E02000D24921 /* DetailChatVC.xib in Resources */ = {isa = PBXBuildFile; fileRef = CCDD6F6A1FB2E02000D24921 /* DetailChatVC.xib */; };
		CCDD6F981FB2ED4900D24921 /* ChatModel.swift in Sources */ = {isa = PBXBuildFile; fileRef = CCDD6F971FB2ED4900D24921 /* ChatModel.swift */; };
		CCDD6F9B1FB2EF6E00D24921 /* ChatDetailViewModel.swift in Sources */ = {isa = PBXBuildFile; fileRef = CCDD6F9A1FB2EF6E00D24921 /* ChatDetailViewModel.swift */; };
/* End PBXBuildFile section */

/* Begin PBXContainerItemProxy section */
		CCABBC831FB187D90039B34E /* PBXContainerItemProxy */ = {
			isa = PBXContainerItemProxy;
			containerPortal = CCABBC661FB187D90039B34E /* Project object */;
			proxyType = 1;
			remoteGlobalIDString = CCABBC6D1FB187D90039B34E;
			remoteInfo = "qiscus-sdk-ios-sample-v2";
		};
		CCABBC8E1FB187D90039B34E /* PBXContainerItemProxy */ = {
			isa = PBXContainerItemProxy;
			containerPortal = CCABBC661FB187D90039B34E /* Project object */;
			proxyType = 1;
			remoteGlobalIDString = CCABBC6D1FB187D90039B34E;
			remoteInfo = "qiscus-sdk-ios-sample-v2";
		};
/* End PBXContainerItemProxy section */

/* Begin PBXFileReference section */
		2E10802BB28CC7E2E725B8E3 /* Pods-qiscus-sdk-ios-sample-v2Tests.release.xcconfig */ = {isa = PBXFileReference; includeInIndex = 1; lastKnownFileType = text.xcconfig; name = "Pods-qiscus-sdk-ios-sample-v2Tests.release.xcconfig"; path = "Pods/Target Support Files/Pods-qiscus-sdk-ios-sample-v2Tests/Pods-qiscus-sdk-ios-sample-v2Tests.release.xcconfig"; sourceTree = "<group>"; };
		3447BE6071916A765D72FD64 /* Pods_qiscus_sdk_ios_sample_v2UITests.framework */ = {isa = PBXFileReference; explicitFileType = wrapper.framework; includeInIndex = 0; path = Pods_qiscus_sdk_ios_sample_v2UITests.framework; sourceTree = BUILT_PRODUCTS_DIR; };
		37EAB425F960634838704550 /* Pods_qiscus_sdk_ios_sample_v2Tests.framework */ = {isa = PBXFileReference; explicitFileType = wrapper.framework; includeInIndex = 0; path = Pods_qiscus_sdk_ios_sample_v2Tests.framework; sourceTree = BUILT_PRODUCTS_DIR; };
		4ADF9936243519949EDC306E /* Pods_qiscus_sdk_ios_sample_v2.framework */ = {isa = PBXFileReference; explicitFileType = wrapper.framework; includeInIndex = 0; path = Pods_qiscus_sdk_ios_sample_v2.framework; sourceTree = BUILT_PRODUCTS_DIR; };
		6A9F4572E5904F60DA64843B /* Pods-qiscus-sdk-ios-sample-v2UITests.debug.xcconfig */ = {isa = PBXFileReference; includeInIndex = 1; lastKnownFileType = text.xcconfig; name = "Pods-qiscus-sdk-ios-sample-v2UITests.debug.xcconfig"; path = "Pods/Target Support Files/Pods-qiscus-sdk-ios-sample-v2UITests/Pods-qiscus-sdk-ios-sample-v2UITests.debug.xcconfig"; sourceTree = "<group>"; };
		7EB630677B4708E36BCD769B /* Pods-qiscus-sdk-ios-sample-v2.debug.xcconfig */ = {isa = PBXFileReference; includeInIndex = 1; lastKnownFileType = text.xcconfig; name = "Pods-qiscus-sdk-ios-sample-v2.debug.xcconfig"; path = "Pods/Target Support Files/Pods-qiscus-sdk-ios-sample-v2/Pods-qiscus-sdk-ios-sample-v2.debug.xcconfig"; sourceTree = "<group>"; };
		C49238FC68A650056EE04BDF /* Pods-qiscus-sdk-ios-sample-v2UITests.release.xcconfig */ = {isa = PBXFileReference; includeInIndex = 1; lastKnownFileType = text.xcconfig; name = "Pods-qiscus-sdk-ios-sample-v2UITests.release.xcconfig"; path = "Pods/Target Support Files/Pods-qiscus-sdk-ios-sample-v2UITests/Pods-qiscus-sdk-ios-sample-v2UITests.release.xcconfig"; sourceTree = "<group>"; };
		CC018FDA1FB3469000396446 /* NamePictureCell.swift */ = {isa = PBXFileReference; lastKnownFileType = sourcecode.swift; path = NamePictureCell.swift; sourceTree = "<group>"; };
		CC018FDB1FB3469000396446 /* NamePictureCell.xib */ = {isa = PBXFileReference; lastKnownFileType = file.xib; path = NamePictureCell.xib; sourceTree = "<group>"; };
		CC018FE01FB347C700396446 /* ParticipantCell.swift */ = {isa = PBXFileReference; lastKnownFileType = sourcecode.swift; path = ParticipantCell.swift; sourceTree = "<group>"; };
		CC018FE11FB347C700396446 /* ParticipantCell.xib */ = {isa = PBXFileReference; lastKnownFileType = file.xib; path = ParticipantCell.xib; sourceTree = "<group>"; };
		CC018FE51FB42FEF00396446 /* DetailContactVC.swift */ = {isa = PBXFileReference; lastKnownFileType = sourcecode.swift; path = DetailContactVC.swift; sourceTree = "<group>"; };
		CC018FE61FB42FEF00396446 /* DetailContactVC.xib */ = {isa = PBXFileReference; lastKnownFileType = file.xib; path = DetailContactVC.xib; sourceTree = "<group>"; };
		CC018FE91FB4314D00396446 /* LeaveCell.swift */ = {isa = PBXFileReference; lastKnownFileType = sourcecode.swift; path = LeaveCell.swift; sourceTree = "<group>"; };
		CC018FEA1FB4314D00396446 /* LeaveCell.xib */ = {isa = PBXFileReference; lastKnownFileType = file.xib; path = LeaveCell.xib; sourceTree = "<group>"; };
		CC018FF01FB43FCB00396446 /* ContactModel.swift */ = {isa = PBXFileReference; lastKnownFileType = sourcecode.swift; path = ContactModel.swift; sourceTree = "<group>"; };
		CC018FF21FB4461E00396446 /* ContactListViewModel.swift */ = {isa = PBXFileReference; lastKnownFileType = sourcecode.swift; path = ContactListViewModel.swift; sourceTree = "<group>"; };
		CC018FF51FB4481600396446 /* ContactCell.swift */ = {isa = PBXFileReference; lastKnownFileType = sourcecode.swift; path = ContactCell.swift; sourceTree = "<group>"; };
		CC018FF61FB4481600396446 /* ContactCell.xib */ = {isa = PBXFileReference; lastKnownFileType = file.xib; path = ContactCell.xib; sourceTree = "<group>"; };
		CC0973C71FB5795C007F31C1 /* ChatNewViewModel.swift */ = {isa = PBXFileReference; lastKnownFileType = sourcecode.swift; path = ChatNewViewModel.swift; sourceTree = "<group>"; };
		CC0973CA1FB57996007F31C1 /* CreateGroupCell.swift */ = {isa = PBXFileReference; lastKnownFileType = sourcecode.swift; path = CreateGroupCell.swift; sourceTree = "<group>"; };
		CC0973CB1FB57996007F31C1 /* CreateGroupCell.xib */ = {isa = PBXFileReference; lastKnownFileType = file.xib; path = CreateGroupCell.xib; sourceTree = "<group>"; };
		CC0973CE1FB57AC2007F31C1 /* CreateStrangerCell.swift */ = {isa = PBXFileReference; lastKnownFileType = sourcecode.swift; path = CreateStrangerCell.swift; sourceTree = "<group>"; };
		CC0973CF1FB57AC2007F31C1 /* CreateStrangerCell.xib */ = {isa = PBXFileReference; lastKnownFileType = file.xib; path = CreateStrangerCell.xib; sourceTree = "<group>"; };
		CC0973D21FB58A62007F31C1 /* SelectContactCell.swift */ = {isa = PBXFileReference; lastKnownFileType = sourcecode.swift; path = SelectContactCell.swift; sourceTree = "<group>"; };
		CC0973D31FB58A62007F31C1 /* SelectContactCell.xib */ = {isa = PBXFileReference; lastKnownFileType = file.xib; path = SelectContactCell.xib; sourceTree = "<group>"; };
		CC2356161FB76F720007EA37 /* BaseApplication.swift */ = {isa = PBXFileReference; lastKnownFileType = sourcecode.swift; path = BaseApplication.swift; sourceTree = "<group>"; };
		CC2356191FB8147F0007EA37 /* ChatManager.swift */ = {isa = PBXFileReference; lastKnownFileType = sourcecode.swift; path = ChatManager.swift; sourceTree = "<group>"; };
		CC23561C1FB82D930007EA37 /* SettingVC.swift */ = {isa = PBXFileReference; lastKnownFileType = sourcecode.swift; path = SettingVC.swift; sourceTree = "<group>"; };
		CC23561D1FB82D930007EA37 /* SettingVC.xib */ = {isa = PBXFileReference; lastKnownFileType = file.xib; path = SettingVC.xib; sourceTree = "<group>"; };
		CC2356211FB85EB20007EA37 /* GroupNewViewModel.swift */ = {isa = PBXFileReference; lastKnownFileType = sourcecode.swift; path = GroupNewViewModel.swift; sourceTree = "<group>"; };
		CC2356281FB861060007EA37 /* ParticipantCollCell.swift */ = {isa = PBXFileReference; lastKnownFileType = sourcecode.swift; path = ParticipantCollCell.swift; sourceTree = "<group>"; };
		CC2356291FB861060007EA37 /* ParticipantCollCell.xib */ = {isa = PBXFileReference; lastKnownFileType = file.xib; path = ParticipantCollCell.xib; sourceTree = "<group>"; };
		CC23562C1FB863EE0007EA37 /* CGFloat.swift */ = {isa = PBXFileReference; lastKnownFileType = sourcecode.swift; path = CGFloat.swift; sourceTree = "<group>"; };
		CCABBC6E1FB187D90039B34E /* qiscus-sdk-ios-sample-v2.app */ = {isa = PBXFileReference; explicitFileType = wrapper.application; includeInIndex = 0; path = "qiscus-sdk-ios-sample-v2.app"; sourceTree = BUILT_PRODUCTS_DIR; };
		CCABBC711FB187D90039B34E /* AppDelegate.swift */ = {isa = PBXFileReference; lastKnownFileType = sourcecode.swift; path = AppDelegate.swift; sourceTree = "<group>"; };
		CCABBC781FB187D90039B34E /* Assets.xcassets */ = {isa = PBXFileReference; lastKnownFileType = folder.assetcatalog; path = Assets.xcassets; sourceTree = "<group>"; };
		CCABBC7B1FB187D90039B34E /* Base */ = {isa = PBXFileReference; lastKnownFileType = file.storyboard; name = Base; path = Base.lproj/LaunchScreen.storyboard; sourceTree = "<group>"; };
		CCABBC7D1FB187D90039B34E /* Info.plist */ = {isa = PBXFileReference; lastKnownFileType = text.plist.xml; path = Info.plist; sourceTree = "<group>"; };
		CCABBC821FB187D90039B34E /* qiscus-sdk-ios-sample-v2Tests.xctest */ = {isa = PBXFileReference; explicitFileType = wrapper.cfbundle; includeInIndex = 0; path = "qiscus-sdk-ios-sample-v2Tests.xctest"; sourceTree = BUILT_PRODUCTS_DIR; };
		CCABBC861FB187D90039B34E /* qiscus_sdk_ios_sample_v2Tests.swift */ = {isa = PBXFileReference; lastKnownFileType = sourcecode.swift; path = qiscus_sdk_ios_sample_v2Tests.swift; sourceTree = "<group>"; };
		CCABBC881FB187D90039B34E /* Info.plist */ = {isa = PBXFileReference; lastKnownFileType = text.plist.xml; path = Info.plist; sourceTree = "<group>"; };
		CCABBC8D1FB187D90039B34E /* qiscus-sdk-ios-sample-v2UITests.xctest */ = {isa = PBXFileReference; explicitFileType = wrapper.cfbundle; includeInIndex = 0; path = "qiscus-sdk-ios-sample-v2UITests.xctest"; sourceTree = BUILT_PRODUCTS_DIR; };
		CCABBC911FB187D90039B34E /* qiscus_sdk_ios_sample_v2UITests.swift */ = {isa = PBXFileReference; lastKnownFileType = sourcecode.swift; path = qiscus_sdk_ios_sample_v2UITests.swift; sourceTree = "<group>"; };
		CCABBC931FB187D90039B34E /* Info.plist */ = {isa = PBXFileReference; lastKnownFileType = text.plist.xml; path = Info.plist; sourceTree = "<group>"; };
		CCABBCA41FB188940039B34E /* MainVC.swift */ = {isa = PBXFileReference; lastKnownFileType = sourcecode.swift; path = MainVC.swift; sourceTree = "<group>"; };
		CCABBCA51FB188940039B34E /* MainVC.xib */ = {isa = PBXFileReference; lastKnownFileType = file.xib; path = MainVC.xib; sourceTree = "<group>"; };
		CCABBCA81FB188BE0039B34E /* Helpers.swift */ = {isa = PBXFileReference; lastKnownFileType = sourcecode.swift; path = Helpers.swift; sourceTree = "<group>"; };
		CCABBCAD1FB19FC70039B34E /* UIViewController.swift */ = {isa = PBXFileReference; lastKnownFileType = sourcecode.swift; path = UIViewController.swift; sourceTree = "<group>"; };
		CCD689C81FB725B500235674 /* ChatListViewModel.swift */ = {isa = PBXFileReference; lastKnownFileType = sourcecode.swift; path = ChatListViewModel.swift; sourceTree = "<group>"; };
		CCD689D21FB73C4500235674 /* NewStrangerVC.swift */ = {isa = PBXFileReference; lastKnownFileType = sourcecode.swift; path = NewStrangerVC.swift; sourceTree = "<group>"; };
		CCD689D31FB73C4500235674 /* NewStrangerVC.xib */ = {isa = PBXFileReference; lastKnownFileType = file.xib; path = NewStrangerVC.xib; sourceTree = "<group>"; };
		CCD689D71FB7480900235674 /* ContactPictureCell.swift */ = {isa = PBXFileReference; lastKnownFileType = sourcecode.swift; path = ContactPictureCell.swift; sourceTree = "<group>"; };
		CCD689D81FB7480900235674 /* ContactPictureCell.xib */ = {isa = PBXFileReference; lastKnownFileType = file.xib; path = ContactPictureCell.xib; sourceTree = "<group>"; };
		CCD689DB1FB748BD00235674 /* ContactDetailCell.swift */ = {isa = PBXFileReference; lastKnownFileType = sourcecode.swift; path = ContactDetailCell.swift; sourceTree = "<group>"; };
		CCD689DC1FB748BD00235674 /* ContactDetailCell.xib */ = {isa = PBXFileReference; lastKnownFileType = file.xib; path = ContactDetailCell.xib; sourceTree = "<group>"; };
		CCD689DF1FB74AD300235674 /* ContactDetailViewModel.swift */ = {isa = PBXFileReference; lastKnownFileType = sourcecode.swift; path = ContactDetailViewModel.swift; sourceTree = "<group>"; };
		CCD689E21FB763BB00235674 /* Preference.swift */ = {isa = PBXFileReference; lastKnownFileType = sourcecode.swift; path = Preference.swift; sourceTree = "<group>"; };
		CCD689E41FB764EC00235674 /* Utilities.swift */ = {isa = PBXFileReference; lastKnownFileType = sourcecode.swift; path = Utilities.swift; sourceTree = "<group>"; };
		CCDD6F401FB1AC7500D24921 /* ChatListVC.swift */ = {isa = PBXFileReference; lastKnownFileType = sourcecode.swift; name = ChatListVC.swift; path = "qiscus-sdk-ios-sample-v2/Controllers/ChatList/ChatListVC.swift"; sourceTree = SOURCE_ROOT; };
		CCDD6F411FB1AC7500D24921 /* ChatListVC.xib */ = {isa = PBXFileReference; lastKnownFileType = file.xib; name = ChatListVC.xib; path = "qiscus-sdk-ios-sample-v2/Controllers/ChatList/ChatListVC.xib"; sourceTree = SOURCE_ROOT; };
		CCDD6F471FB1B57800D24921 /* ChatCell.swift */ = {isa = PBXFileReference; lastKnownFileType = sourcecode.swift; path = ChatCell.swift; sourceTree = "<group>"; };
		CCDD6F481FB1B57800D24921 /* ChatCell.xib */ = {isa = PBXFileReference; lastKnownFileType = file.xib; path = ChatCell.xib; sourceTree = "<group>"; };
		CCDD6F4B1FB1BC5C00D24921 /* UIColor.swift */ = {isa = PBXFileReference; lastKnownFileType = sourcecode.swift; path = UIColor.swift; sourceTree = "<group>"; };
		CCDD6F4D1FB2ADFF00D24921 /* UIImageView.swift */ = {isa = PBXFileReference; lastKnownFileType = sourcecode.swift; path = UIImageView.swift; sourceTree = "<group>"; };
		CCDD6F501FB2B67500D24921 /* ContactVC.swift */ = {isa = PBXFileReference; lastKnownFileType = sourcecode.swift; path = ContactVC.swift; sourceTree = "<group>"; };
		CCDD6F511FB2B67500D24921 /* ContactVC.xib */ = {isa = PBXFileReference; lastKnownFileType = file.xib; path = ContactVC.xib; sourceTree = "<group>"; };
		CCDD6F551FB2BAD600D24921 /* NewChatVC.swift */ = {isa = PBXFileReference; lastKnownFileType = sourcecode.swift; path = NewChatVC.swift; sourceTree = "<group>"; };
		CCDD6F561FB2BAD600D24921 /* NewChatVC.xib */ = {isa = PBXFileReference; lastKnownFileType = file.xib; path = NewChatVC.xib; sourceTree = "<group>"; };
		CCDD6F5A1FB2BC9200D24921 /* NewGroupVC.swift */ = {isa = PBXFileReference; lastKnownFileType = sourcecode.swift; path = NewGroupVC.swift; sourceTree = "<group>"; };
		CCDD6F5B1FB2BC9200D24921 /* NewGroupVC.xib */ = {isa = PBXFileReference; lastKnownFileType = file.xib; path = NewGroupVC.xib; sourceTree = "<group>"; };
		CCDD6F5E1FB2BCEB00D24921 /* NewGroupNameVC.swift */ = {isa = PBXFileReference; lastKnownFileType = sourcecode.swift; path = NewGroupNameVC.swift; sourceTree = "<group>"; };
		CCDD6F5F1FB2BCEB00D24921 /* NewGroupNameVC.xib */ = {isa = PBXFileReference; lastKnownFileType = file.xib; path = NewGroupNameVC.xib; sourceTree = "<group>"; };
		CCDD6F621FB2DA9700D24921 /* UILoadingView.swift */ = {isa = PBXFileReference; lastKnownFileType = sourcecode.swift; path = UILoadingView.swift; sourceTree = "<group>"; };
		CCDD6F691FB2E02000D24921 /* DetailChatVC.swift */ = {isa = PBXFileReference; lastKnownFileType = sourcecode.swift; path = DetailChatVC.swift; sourceTree = "<group>"; };
		CCDD6F6A1FB2E02000D24921 /* DetailChatVC.xib */ = {isa = PBXFileReference; lastKnownFileType = file.xib; path = DetailChatVC.xib; sourceTree = "<group>"; };
		CCDD6F971FB2ED4900D24921 /* ChatModel.swift */ = {isa = PBXFileReference; lastKnownFileType = sourcecode.swift; path = ChatModel.swift; sourceTree = "<group>"; };
		CCDD6F9A1FB2EF6E00D24921 /* ChatDetailViewModel.swift */ = {isa = PBXFileReference; lastKnownFileType = sourcecode.swift; path = ChatDetailViewModel.swift; sourceTree = "<group>"; };
		EEAD325F62959857D2D3ED19 /* Pods-qiscus-sdk-ios-sample-v2Tests.debug.xcconfig */ = {isa = PBXFileReference; includeInIndex = 1; lastKnownFileType = text.xcconfig; name = "Pods-qiscus-sdk-ios-sample-v2Tests.debug.xcconfig"; path = "Pods/Target Support Files/Pods-qiscus-sdk-ios-sample-v2Tests/Pods-qiscus-sdk-ios-sample-v2Tests.debug.xcconfig"; sourceTree = "<group>"; };
		EFF151F5ED4B3A7AF165DDCF /* Pods-qiscus-sdk-ios-sample-v2.release.xcconfig */ = {isa = PBXFileReference; includeInIndex = 1; lastKnownFileType = text.xcconfig; name = "Pods-qiscus-sdk-ios-sample-v2.release.xcconfig"; path = "Pods/Target Support Files/Pods-qiscus-sdk-ios-sample-v2/Pods-qiscus-sdk-ios-sample-v2.release.xcconfig"; sourceTree = "<group>"; };
/* End PBXFileReference section */

/* Begin PBXFrameworksBuildPhase section */
		CCABBC6B1FB187D90039B34E /* Frameworks */ = {
			isa = PBXFrameworksBuildPhase;
			buildActionMask = 2147483647;
			files = (
				69BD8B15D4381105408666BB /* Pods_qiscus_sdk_ios_sample_v2.framework in Frameworks */,
			);
			runOnlyForDeploymentPostprocessing = 0;
		};
		CCABBC7F1FB187D90039B34E /* Frameworks */ = {
			isa = PBXFrameworksBuildPhase;
			buildActionMask = 2147483647;
			files = (
				2027CDA08A444739C297BDD4 /* Pods_qiscus_sdk_ios_sample_v2Tests.framework in Frameworks */,
			);
			runOnlyForDeploymentPostprocessing = 0;
		};
		CCABBC8A1FB187D90039B34E /* Frameworks */ = {
			isa = PBXFrameworksBuildPhase;
			buildActionMask = 2147483647;
			files = (
				A242AEF4E3E47DB70EA17818 /* Pods_qiscus_sdk_ios_sample_v2UITests.framework in Frameworks */,
			);
			runOnlyForDeploymentPostprocessing = 0;
		};
/* End PBXFrameworksBuildPhase section */

/* Begin PBXGroup section */
		9C89678E58D93C12154F70AA /* Pods */ = {
			isa = PBXGroup;
			children = (
				7EB630677B4708E36BCD769B /* Pods-qiscus-sdk-ios-sample-v2.debug.xcconfig */,
				EFF151F5ED4B3A7AF165DDCF /* Pods-qiscus-sdk-ios-sample-v2.release.xcconfig */,
				EEAD325F62959857D2D3ED19 /* Pods-qiscus-sdk-ios-sample-v2Tests.debug.xcconfig */,
				2E10802BB28CC7E2E725B8E3 /* Pods-qiscus-sdk-ios-sample-v2Tests.release.xcconfig */,
				6A9F4572E5904F60DA64843B /* Pods-qiscus-sdk-ios-sample-v2UITests.debug.xcconfig */,
				C49238FC68A650056EE04BDF /* Pods-qiscus-sdk-ios-sample-v2UITests.release.xcconfig */,
			);
			name = Pods;
			sourceTree = "<group>";
		};
		AFFA57D52B1C6FCBEE5BAC2B /* Frameworks */ = {
			isa = PBXGroup;
			children = (
				4ADF9936243519949EDC306E /* Pods_qiscus_sdk_ios_sample_v2.framework */,
				37EAB425F960634838704550 /* Pods_qiscus_sdk_ios_sample_v2Tests.framework */,
				3447BE6071916A765D72FD64 /* Pods_qiscus_sdk_ios_sample_v2UITests.framework */,
			);
			name = Frameworks;
			sourceTree = "<group>";
		};
		CC018FD91FB3466A00396446 /* View */ = {
			isa = PBXGroup;
			children = (
				CC018FDA1FB3469000396446 /* NamePictureCell.swift */,
				CC018FDB1FB3469000396446 /* NamePictureCell.xib */,
				CC018FE01FB347C700396446 /* ParticipantCell.swift */,
				CC018FE11FB347C700396446 /* ParticipantCell.xib */,
				CC018FE91FB4314D00396446 /* LeaveCell.swift */,
				CC018FEA1FB4314D00396446 /* LeaveCell.xib */,
			);
			path = View;
			sourceTree = "<group>";
		};
		CC018FE41FB42FC200396446 /* DetailContact */ = {
			isa = PBXGroup;
			children = (
				CCD689D61FB747E400235674 /* Views */,
				CC018FE51FB42FEF00396446 /* DetailContactVC.swift */,
				CC018FE61FB42FEF00396446 /* DetailContactVC.xib */,
			);
			path = DetailContact;
			sourceTree = "<group>";
		};
		CC018FED1FB43EE100396446 /* Contact */ = {
			isa = PBXGroup;
			children = (
				CC018FF01FB43FCB00396446 /* ContactModel.swift */,
				CC018FF21FB4461E00396446 /* ContactListViewModel.swift */,
				CCD689DF1FB74AD300235674 /* ContactDetailViewModel.swift */,
			);
			path = Contact;
			sourceTree = "<group>";
		};
		CC0973C91FB5797A007F31C1 /* View */ = {
			isa = PBXGroup;
			children = (
				CC0973CA1FB57996007F31C1 /* CreateGroupCell.swift */,
				CC0973CB1FB57996007F31C1 /* CreateGroupCell.xib */,
				CC0973CE1FB57AC2007F31C1 /* CreateStrangerCell.swift */,
				CC0973CF1FB57AC2007F31C1 /* CreateStrangerCell.xib */,
				CC0973D21FB58A62007F31C1 /* SelectContactCell.swift */,
				CC0973D31FB58A62007F31C1 /* SelectContactCell.xib */,
			);
			path = View;
			sourceTree = "<group>";
		};
		CC2356181FB76FB00007EA37 /* Application */ = {
			isa = PBXGroup;
			children = (
				CC2356161FB76F720007EA37 /* BaseApplication.swift */,
			);
			path = Application;
			sourceTree = "<group>";
		};
		CC23561B1FB82D7B0007EA37 /* Setting */ = {
			isa = PBXGroup;
			children = (
				CC23561C1FB82D930007EA37 /* SettingVC.swift */,
				CC23561D1FB82D930007EA37 /* SettingVC.xib */,
			);
			path = Setting;
			sourceTree = "<group>";
		};
		CC2356201FB85E990007EA37 /* Group */ = {
			isa = PBXGroup;
			children = (
				CC2356211FB85EB20007EA37 /* GroupNewViewModel.swift */,
			);
			path = Group;
			sourceTree = "<group>";
		};
		CC2356231FB860940007EA37 /* Views */ = {
			isa = PBXGroup;
			children = (
				CC2356281FB861060007EA37 /* ParticipantCollCell.swift */,
				CC2356291FB861060007EA37 /* ParticipantCollCell.xib */,
			);
			path = Views;
			sourceTree = "<group>";
		};
		CCABBC651FB187D90039B34E = {
			isa = PBXGroup;
			children = (
				CCABBC701FB187D90039B34E /* qiscus-sdk-ios-sample-v2 */,
				CCABBC851FB187D90039B34E /* qiscus-sdk-ios-sample-v2Tests */,
				CCABBC901FB187D90039B34E /* qiscus-sdk-ios-sample-v2UITests */,
				CCABBC6F1FB187D90039B34E /* Products */,
				9C89678E58D93C12154F70AA /* Pods */,
				AFFA57D52B1C6FCBEE5BAC2B /* Frameworks */,
			);
			sourceTree = "<group>";
		};
		CCABBC6F1FB187D90039B34E /* Products */ = {
			isa = PBXGroup;
			children = (
				CCABBC6E1FB187D90039B34E /* qiscus-sdk-ios-sample-v2.app */,
				CCABBC821FB187D90039B34E /* qiscus-sdk-ios-sample-v2Tests.xctest */,
				CCABBC8D1FB187D90039B34E /* qiscus-sdk-ios-sample-v2UITests.xctest */,
			);
			name = Products;
			sourceTree = "<group>";
		};
		CCABBC701FB187D90039B34E /* qiscus-sdk-ios-sample-v2 */ = {
			isa = PBXGroup;
			children = (
				CC2356181FB76FB00007EA37 /* Application */,
				CCDD6F441FB1B1FF00D24921 /* Entities */,
				CCABBCAC1FB19FB40039B34E /* Extensions */,
				CCABBCA21FB1885C0039B34E /* Utilities */,
				CCABBC9F1FB1881F0039B34E /* Controllers */,
				CCABBC711FB187D90039B34E /* AppDelegate.swift */,
				CCABBC781FB187D90039B34E /* Assets.xcassets */,
				CCABBC7A1FB187D90039B34E /* LaunchScreen.storyboard */,
				CCABBC7D1FB187D90039B34E /* Info.plist */,
			);
			path = "qiscus-sdk-ios-sample-v2";
			sourceTree = "<group>";
		};
		CCABBC851FB187D90039B34E /* qiscus-sdk-ios-sample-v2Tests */ = {
			isa = PBXGroup;
			children = (
				CCABBC861FB187D90039B34E /* qiscus_sdk_ios_sample_v2Tests.swift */,
				CCABBC881FB187D90039B34E /* Info.plist */,
			);
			path = "qiscus-sdk-ios-sample-v2Tests";
			sourceTree = "<group>";
		};
		CCABBC901FB187D90039B34E /* qiscus-sdk-ios-sample-v2UITests */ = {
			isa = PBXGroup;
			children = (
				CCABBC911FB187D90039B34E /* qiscus_sdk_ios_sample_v2UITests.swift */,
				CCABBC931FB187D90039B34E /* Info.plist */,
			);
			path = "qiscus-sdk-ios-sample-v2UITests";
			sourceTree = "<group>";
		};
		CCABBC9F1FB1881F0039B34E /* Controllers */ = {
			isa = PBXGroup;
			children = (
				CC23561B1FB82D7B0007EA37 /* Setting */,
				CC018FE41FB42FC200396446 /* DetailContact */,
				CCDD6F641FB2DC0D00D24921 /* DetailChat */,
				CCD689D11FB73C2900235674 /* NewStranger */,
				CCDD6F591FB2BC7F00D24921 /* NewGroup */,
				CCDD6F541FB2BABB00D24921 /* NewChat */,
				CCDD6F4F1FB2B63D00D24921 /* ContactList */,
				CCDD6F3F1FB1AC5A00D24921 /* ChatList */,
				CCABBCA31FB1886E0039B34E /* Main */,
			);
			path = Controllers;
			sourceTree = "<group>";
		};
		CCABBCA21FB1885C0039B34E /* Utilities */ = {
			isa = PBXGroup;
			children = (
				CCABBCA81FB188BE0039B34E /* Helpers.swift */,
				CCDD6F621FB2DA9700D24921 /* UILoadingView.swift */,
				CCD689E41FB764EC00235674 /* Utilities.swift */,
				CC2356191FB8147F0007EA37 /* ChatManager.swift */,
			);
			path = Utilities;
			sourceTree = "<group>";
		};
		CCABBCA31FB1886E0039B34E /* Main */ = {
			isa = PBXGroup;
			children = (
				CCABBCA41FB188940039B34E /* MainVC.swift */,
				CCABBCA51FB188940039B34E /* MainVC.xib */,
			);
			path = Main;
			sourceTree = "<group>";
		};
		CCABBCAC1FB19FB40039B34E /* Extensions */ = {
			isa = PBXGroup;
			children = (
				CCABBCAD1FB19FC70039B34E /* UIViewController.swift */,
				CC23562C1FB863EE0007EA37 /* CGFloat.swift */,
				CCDD6F4B1FB1BC5C00D24921 /* UIColor.swift */,
				CCDD6F4D1FB2ADFF00D24921 /* UIImageView.swift */,
			);
			path = Extensions;
			sourceTree = "<group>";
		};
		CCD689D11FB73C2900235674 /* NewStranger */ = {
			isa = PBXGroup;
			children = (
				CCD689D21FB73C4500235674 /* NewStrangerVC.swift */,
				CCD689D31FB73C4500235674 /* NewStrangerVC.xib */,
			);
			path = NewStranger;
			sourceTree = "<group>";
		};
		CCD689D61FB747E400235674 /* Views */ = {
			isa = PBXGroup;
			children = (
				CCD689D71FB7480900235674 /* ContactPictureCell.swift */,
				CCD689D81FB7480900235674 /* ContactPictureCell.xib */,
				CCD689DB1FB748BD00235674 /* ContactDetailCell.swift */,
				CCD689DC1FB748BD00235674 /* ContactDetailCell.xib */,
			);
			path = Views;
			sourceTree = "<group>";
		};
		CCD689E11FB7639C00235674 /* Preference */ = {
			isa = PBXGroup;
			children = (
				CCD689E21FB763BB00235674 /* Preference.swift */,
			);
			path = Preference;
			sourceTree = "<group>";
		};
		CCDD6F3F1FB1AC5A00D24921 /* ChatList */ = {
			isa = PBXGroup;
			children = (
				CCDD6F401FB1AC7500D24921 /* ChatListVC.swift */,
				CCDD6F411FB1AC7500D24921 /* ChatListVC.xib */,
				CCDD6F471FB1B57800D24921 /* ChatCell.swift */,
				CCDD6F481FB1B57800D24921 /* ChatCell.xib */,
			);
			path = ChatList;
			sourceTree = "<group>";
		};
		CCDD6F441FB1B1FF00D24921 /* Entities */ = {
			isa = PBXGroup;
			children = (
				CC2356201FB85E990007EA37 /* Group */,
				CCD689E11FB7639C00235674 /* Preference */,
				CC018FED1FB43EE100396446 /* Contact */,
				CCDD6F991FB2EF5400D24921 /* Chat */,
			);
			path = Entities;
			sourceTree = "<group>";
		};
		CCDD6F4F1FB2B63D00D24921 /* ContactList */ = {
			isa = PBXGroup;
			children = (
				CCDD6F501FB2B67500D24921 /* ContactVC.swift */,
				CCDD6F511FB2B67500D24921 /* ContactVC.xib */,
				CC018FF51FB4481600396446 /* ContactCell.swift */,
				CC018FF61FB4481600396446 /* ContactCell.xib */,
			);
			path = ContactList;
			sourceTree = "<group>";
		};
		CCDD6F541FB2BABB00D24921 /* NewChat */ = {
			isa = PBXGroup;
			children = (
				CC0973C91FB5797A007F31C1 /* View */,
				CCDD6F551FB2BAD600D24921 /* NewChatVC.swift */,
				CCDD6F561FB2BAD600D24921 /* NewChatVC.xib */,
			);
			path = NewChat;
			sourceTree = "<group>";
		};
		CCDD6F591FB2BC7F00D24921 /* NewGroup */ = {
			isa = PBXGroup;
			children = (
				CC2356231FB860940007EA37 /* Views */,
				CCDD6F5A1FB2BC9200D24921 /* NewGroupVC.swift */,
				CCDD6F5B1FB2BC9200D24921 /* NewGroupVC.xib */,
				CCDD6F5E1FB2BCEB00D24921 /* NewGroupNameVC.swift */,
				CCDD6F5F1FB2BCEB00D24921 /* NewGroupNameVC.xib */,
			);
			path = NewGroup;
			sourceTree = "<group>";
		};
		CCDD6F641FB2DC0D00D24921 /* DetailChat */ = {
			isa = PBXGroup;
			children = (
				CC018FD91FB3466A00396446 /* View */,
				CCDD6F691FB2E02000D24921 /* DetailChatVC.swift */,
				CCDD6F6A1FB2E02000D24921 /* DetailChatVC.xib */,
			);
			path = DetailChat;
			sourceTree = "<group>";
		};
		CCDD6F991FB2EF5400D24921 /* Chat */ = {
			isa = PBXGroup;
			children = (
				CCDD6F971FB2ED4900D24921 /* ChatModel.swift */,
				CCDD6F9A1FB2EF6E00D24921 /* ChatDetailViewModel.swift */,
				CC0973C71FB5795C007F31C1 /* ChatNewViewModel.swift */,
				CCD689C81FB725B500235674 /* ChatListViewModel.swift */,
			);
			path = Chat;
			sourceTree = "<group>";
		};
/* End PBXGroup section */

/* Begin PBXNativeTarget section */
		CCABBC6D1FB187D90039B34E /* qiscus-sdk-ios-sample-v2 */ = {
			isa = PBXNativeTarget;
			buildConfigurationList = CCABBC961FB187D90039B34E /* Build configuration list for PBXNativeTarget "qiscus-sdk-ios-sample-v2" */;
			buildPhases = (
				4D25ED70A2A23C0D82F31D80 /* [CP] Check Pods Manifest.lock */,
				CCABBC6A1FB187D90039B34E /* Sources */,
				CCABBC6B1FB187D90039B34E /* Frameworks */,
				CCABBC6C1FB187D90039B34E /* Resources */,
				C6740B6674C50B215798C214 /* [CP] Embed Pods Frameworks */,
				6398504DCC8C6FE3B7DAC1D5 /* [CP] Copy Pods Resources */,
			);
			buildRules = (
			);
			dependencies = (
			);
			name = "qiscus-sdk-ios-sample-v2";
			productName = "qiscus-sdk-ios-sample-v2";
			productReference = CCABBC6E1FB187D90039B34E /* qiscus-sdk-ios-sample-v2.app */;
			productType = "com.apple.product-type.application";
		};
		CCABBC811FB187D90039B34E /* qiscus-sdk-ios-sample-v2Tests */ = {
			isa = PBXNativeTarget;
			buildConfigurationList = CCABBC991FB187D90039B34E /* Build configuration list for PBXNativeTarget "qiscus-sdk-ios-sample-v2Tests" */;
			buildPhases = (
				F520145B6B9880376B4C93B6 /* [CP] Check Pods Manifest.lock */,
				CCABBC7E1FB187D90039B34E /* Sources */,
				CCABBC7F1FB187D90039B34E /* Frameworks */,
				CCABBC801FB187D90039B34E /* Resources */,
				E693A52D245987ECE9CBA529 /* [CP] Embed Pods Frameworks */,
				BB57D356281C7A26F0C66C51 /* [CP] Copy Pods Resources */,
			);
			buildRules = (
			);
			dependencies = (
				CCABBC841FB187D90039B34E /* PBXTargetDependency */,
			);
			name = "qiscus-sdk-ios-sample-v2Tests";
			productName = "qiscus-sdk-ios-sample-v2Tests";
			productReference = CCABBC821FB187D90039B34E /* qiscus-sdk-ios-sample-v2Tests.xctest */;
			productType = "com.apple.product-type.bundle.unit-test";
		};
		CCABBC8C1FB187D90039B34E /* qiscus-sdk-ios-sample-v2UITests */ = {
			isa = PBXNativeTarget;
			buildConfigurationList = CCABBC9C1FB187D90039B34E /* Build configuration list for PBXNativeTarget "qiscus-sdk-ios-sample-v2UITests" */;
			buildPhases = (
				F1AB0BCAA2E1A4F044CC2333 /* [CP] Check Pods Manifest.lock */,
				CCABBC891FB187D90039B34E /* Sources */,
				CCABBC8A1FB187D90039B34E /* Frameworks */,
				CCABBC8B1FB187D90039B34E /* Resources */,
				55CCDA52C7275F1345F38DF0 /* [CP] Embed Pods Frameworks */,
				B13AA2BFB601885DCB3F52DD /* [CP] Copy Pods Resources */,
			);
			buildRules = (
			);
			dependencies = (
				CCABBC8F1FB187D90039B34E /* PBXTargetDependency */,
			);
			name = "qiscus-sdk-ios-sample-v2UITests";
			productName = "qiscus-sdk-ios-sample-v2UITests";
			productReference = CCABBC8D1FB187D90039B34E /* qiscus-sdk-ios-sample-v2UITests.xctest */;
			productType = "com.apple.product-type.bundle.ui-testing";
		};
/* End PBXNativeTarget section */

/* Begin PBXProject section */
		CCABBC661FB187D90039B34E /* Project object */ = {
			isa = PBXProject;
			attributes = {
				LastSwiftUpdateCheck = 0910;
				LastUpgradeCheck = 0910;
				ORGANIZATIONNAME = "Qiscus Technology";
				TargetAttributes = {
					CCABBC6D1FB187D90039B34E = {
						CreatedOnToolsVersion = 9.1;
						ProvisioningStyle = Automatic;
					};
					CCABBC811FB187D90039B34E = {
						CreatedOnToolsVersion = 9.1;
						ProvisioningStyle = Automatic;
						TestTargetID = CCABBC6D1FB187D90039B34E;
					};
					CCABBC8C1FB187D90039B34E = {
						CreatedOnToolsVersion = 9.1;
						ProvisioningStyle = Automatic;
						TestTargetID = CCABBC6D1FB187D90039B34E;
					};
				};
			};
			buildConfigurationList = CCABBC691FB187D90039B34E /* Build configuration list for PBXProject "qiscus-sdk-ios-sample-v2" */;
			compatibilityVersion = "Xcode 8.0";
			developmentRegion = en;
			hasScannedForEncodings = 0;
			knownRegions = (
				en,
				Base,
			);
			mainGroup = CCABBC651FB187D90039B34E;
			productRefGroup = CCABBC6F1FB187D90039B34E /* Products */;
			projectDirPath = "";
			projectRoot = "";
			targets = (
				CCABBC6D1FB187D90039B34E /* qiscus-sdk-ios-sample-v2 */,
				CCABBC811FB187D90039B34E /* qiscus-sdk-ios-sample-v2Tests */,
				CCABBC8C1FB187D90039B34E /* qiscus-sdk-ios-sample-v2UITests */,
			);
		};
/* End PBXProject section */

/* Begin PBXResourcesBuildPhase section */
		CCABBC6C1FB187D90039B34E /* Resources */ = {
			isa = PBXResourcesBuildPhase;
			buildActionMask = 2147483647;
			files = (
				CCDD6F431FB1AC7500D24921 /* ChatListVC.xib in Resources */,
				CC23562B1FB861060007EA37 /* ParticipantCollCell.xib in Resources */,
				CCABBCA71FB188950039B34E /* MainVC.xib in Resources */,
				CCD689D51FB73C4500235674 /* NewStrangerVC.xib in Resources */,
				CCDD6F4A1FB1B57800D24921 /* ChatCell.xib in Resources */,
				CCDD6F6C1FB2E02000D24921 /* DetailChatVC.xib in Resources */,
				CCDD6F531FB2B67500D24921 /* ContactVC.xib in Resources */,
				CC018FE81FB42FEF00396446 /* DetailContactVC.xib in Resources */,
				CC0973CD1FB57996007F31C1 /* CreateGroupCell.xib in Resources */,
				CCABBC7C1FB187D90039B34E /* LaunchScreen.storyboard in Resources */,
				CC018FEC1FB4314D00396446 /* LeaveCell.xib in Resources */,
				CCD689DE1FB748BD00235674 /* ContactDetailCell.xib in Resources */,
				CCABBC791FB187D90039B34E /* Assets.xcassets in Resources */,
				CCDD6F581FB2BAD600D24921 /* NewChatVC.xib in Resources */,
				CCDD6F5D1FB2BC9200D24921 /* NewGroupVC.xib in Resources */,
				CC0973D11FB57AC2007F31C1 /* CreateStrangerCell.xib in Resources */,
				CC018FF81FB4481600396446 /* ContactCell.xib in Resources */,
				CCDD6F611FB2BCEB00D24921 /* NewGroupNameVC.xib in Resources */,
				CC018FE31FB347C700396446 /* ParticipantCell.xib in Resources */,
				CC0973D51FB58A62007F31C1 /* SelectContactCell.xib in Resources */,
				CC23561F1FB82D930007EA37 /* SettingVC.xib in Resources */,
				CCD689DA1FB7480900235674 /* ContactPictureCell.xib in Resources */,
				CC018FDD1FB3469000396446 /* NamePictureCell.xib in Resources */,
			);
			runOnlyForDeploymentPostprocessing = 0;
		};
		CCABBC801FB187D90039B34E /* Resources */ = {
			isa = PBXResourcesBuildPhase;
			buildActionMask = 2147483647;
			files = (
			);
			runOnlyForDeploymentPostprocessing = 0;
		};
		CCABBC8B1FB187D90039B34E /* Resources */ = {
			isa = PBXResourcesBuildPhase;
			buildActionMask = 2147483647;
			files = (
			);
			runOnlyForDeploymentPostprocessing = 0;
		};
/* End PBXResourcesBuildPhase section */

/* Begin PBXShellScriptBuildPhase section */
		4D25ED70A2A23C0D82F31D80 /* [CP] Check Pods Manifest.lock */ = {
			isa = PBXShellScriptBuildPhase;
			buildActionMask = 2147483647;
			files = (
			);
			inputPaths = (
			);
			name = "[CP] Check Pods Manifest.lock";
			outputPaths = (
			);
			runOnlyForDeploymentPostprocessing = 0;
			shellPath = /bin/sh;
			shellScript = "diff \"${PODS_PODFILE_DIR_PATH}/Podfile.lock\" \"${PODS_ROOT}/Manifest.lock\" > /dev/null\nif [ $? != 0 ] ; then\n    # print error to STDERR\n    echo \"error: The sandbox is not in sync with the Podfile.lock. Run 'pod install' or update your CocoaPods installation.\" >&2\n    exit 1\nfi\n";
			showEnvVarsInLog = 0;
		};
		55CCDA52C7275F1345F38DF0 /* [CP] Embed Pods Frameworks */ = {
			isa = PBXShellScriptBuildPhase;
			buildActionMask = 2147483647;
			files = (
			);
			inputPaths = (
			);
			name = "[CP] Embed Pods Frameworks";
			outputPaths = (
			);
			runOnlyForDeploymentPostprocessing = 0;
			shellPath = /bin/sh;
			shellScript = "\"${SRCROOT}/Pods/Target Support Files/Pods-qiscus-sdk-ios-sample-v2UITests/Pods-qiscus-sdk-ios-sample-v2UITests-frameworks.sh\"\n";
			showEnvVarsInLog = 0;
		};
		6398504DCC8C6FE3B7DAC1D5 /* [CP] Copy Pods Resources */ = {
			isa = PBXShellScriptBuildPhase;
			buildActionMask = 2147483647;
			files = (
			);
			inputPaths = (
			);
			name = "[CP] Copy Pods Resources";
			outputPaths = (
			);
			runOnlyForDeploymentPostprocessing = 0;
			shellPath = /bin/sh;
			shellScript = "\"${SRCROOT}/Pods/Target Support Files/Pods-qiscus-sdk-ios-sample-v2/Pods-qiscus-sdk-ios-sample-v2-resources.sh\"\n";
			showEnvVarsInLog = 0;
		};
		B13AA2BFB601885DCB3F52DD /* [CP] Copy Pods Resources */ = {
			isa = PBXShellScriptBuildPhase;
			buildActionMask = 2147483647;
			files = (
			);
			inputPaths = (
			);
			name = "[CP] Copy Pods Resources";
			outputPaths = (
			);
			runOnlyForDeploymentPostprocessing = 0;
			shellPath = /bin/sh;
			shellScript = "\"${SRCROOT}/Pods/Target Support Files/Pods-qiscus-sdk-ios-sample-v2UITests/Pods-qiscus-sdk-ios-sample-v2UITests-resources.sh\"\n";
			showEnvVarsInLog = 0;
		};
		BB57D356281C7A26F0C66C51 /* [CP] Copy Pods Resources */ = {
			isa = PBXShellScriptBuildPhase;
			buildActionMask = 2147483647;
			files = (
			);
			inputPaths = (
			);
			name = "[CP] Copy Pods Resources";
			outputPaths = (
			);
			runOnlyForDeploymentPostprocessing = 0;
			shellPath = /bin/sh;
			shellScript = "\"${SRCROOT}/Pods/Target Support Files/Pods-qiscus-sdk-ios-sample-v2Tests/Pods-qiscus-sdk-ios-sample-v2Tests-resources.sh\"\n";
			showEnvVarsInLog = 0;
		};
		C6740B6674C50B215798C214 /* [CP] Embed Pods Frameworks */ = {
			isa = PBXShellScriptBuildPhase;
			buildActionMask = 2147483647;
			files = (
			);
			inputPaths = (
			);
			name = "[CP] Embed Pods Frameworks";
			outputPaths = (
			);
			runOnlyForDeploymentPostprocessing = 0;
			shellPath = /bin/sh;
			shellScript = "\"${SRCROOT}/Pods/Target Support Files/Pods-qiscus-sdk-ios-sample-v2/Pods-qiscus-sdk-ios-sample-v2-frameworks.sh\"\n";
			showEnvVarsInLog = 0;
		};
		E693A52D245987ECE9CBA529 /* [CP] Embed Pods Frameworks */ = {
			isa = PBXShellScriptBuildPhase;
			buildActionMask = 2147483647;
			files = (
			);
			inputPaths = (
			);
			name = "[CP] Embed Pods Frameworks";
			outputPaths = (
			);
			runOnlyForDeploymentPostprocessing = 0;
			shellPath = /bin/sh;
			shellScript = "\"${SRCROOT}/Pods/Target Support Files/Pods-qiscus-sdk-ios-sample-v2Tests/Pods-qiscus-sdk-ios-sample-v2Tests-frameworks.sh\"\n";
			showEnvVarsInLog = 0;
		};
		F1AB0BCAA2E1A4F044CC2333 /* [CP] Check Pods Manifest.lock */ = {
			isa = PBXShellScriptBuildPhase;
			buildActionMask = 2147483647;
			files = (
			);
			inputPaths = (
			);
			name = "[CP] Check Pods Manifest.lock";
			outputPaths = (
			);
			runOnlyForDeploymentPostprocessing = 0;
			shellPath = /bin/sh;
			shellScript = "diff \"${PODS_PODFILE_DIR_PATH}/Podfile.lock\" \"${PODS_ROOT}/Manifest.lock\" > /dev/null\nif [ $? != 0 ] ; then\n    # print error to STDERR\n    echo \"error: The sandbox is not in sync with the Podfile.lock. Run 'pod install' or update your CocoaPods installation.\" >&2\n    exit 1\nfi\n";
			showEnvVarsInLog = 0;
		};
		F520145B6B9880376B4C93B6 /* [CP] Check Pods Manifest.lock */ = {
			isa = PBXShellScriptBuildPhase;
			buildActionMask = 2147483647;
			files = (
			);
			inputPaths = (
			);
			name = "[CP] Check Pods Manifest.lock";
			outputPaths = (
			);
			runOnlyForDeploymentPostprocessing = 0;
			shellPath = /bin/sh;
			shellScript = "diff \"${PODS_PODFILE_DIR_PATH}/Podfile.lock\" \"${PODS_ROOT}/Manifest.lock\" > /dev/null\nif [ $? != 0 ] ; then\n    # print error to STDERR\n    echo \"error: The sandbox is not in sync with the Podfile.lock. Run 'pod install' or update your CocoaPods installation.\" >&2\n    exit 1\nfi\n";
			showEnvVarsInLog = 0;
		};
/* End PBXShellScriptBuildPhase section */

/* Begin PBXSourcesBuildPhase section */
		CCABBC6A1FB187D90039B34E /* Sources */ = {
			isa = PBXSourcesBuildPhase;
			buildActionMask = 2147483647;
			files = (
				CCDD6F601FB2BCEB00D24921 /* NewGroupNameVC.swift in Sources */,
				CCABBC721FB187D90039B34E /* AppDelegate.swift in Sources */,
				CCDD6F571FB2BAD600D24921 /* NewChatVC.swift in Sources */,
				CC23561A1FB8147F0007EA37 /* ChatManager.swift in Sources */,
				CC23561E1FB82D930007EA37 /* SettingVC.swift in Sources */,
				CCDD6F9B1FB2EF6E00D24921 /* ChatDetailViewModel.swift in Sources */,
				CCDD6F491FB1B57800D24921 /* ChatCell.swift in Sources */,
				CCDD6F521FB2B67500D24921 /* ContactVC.swift in Sources */,
				CC23562D1FB863EE0007EA37 /* CGFloat.swift in Sources */,
				CC018FE71FB42FEF00396446 /* DetailContactVC.swift in Sources */,
				CCABBCA91FB188BE0039B34E /* Helpers.swift in Sources */,
				CC018FF71FB4481600396446 /* ContactCell.swift in Sources */,
				CCDD6F6B1FB2E02000D24921 /* DetailChatVC.swift in Sources */,
				CCD689E31FB763BB00235674 /* Preference.swift in Sources */,
				CC0973D01FB57AC2007F31C1 /* CreateStrangerCell.swift in Sources */,
				CC0973CC1FB57996007F31C1 /* CreateGroupCell.swift in Sources */,
				CCD689D41FB73C4500235674 /* NewStrangerVC.swift in Sources */,
				CCD689C91FB725B500235674 /* ChatListViewModel.swift in Sources */,
				CCDD6F4C1FB1BC5C00D24921 /* UIColor.swift in Sources */,
				CC018FE21FB347C700396446 /* ParticipantCell.swift in Sources */,
				CC018FF31FB4461E00396446 /* ContactListViewModel.swift in Sources */,
				CCABBCA61FB188940039B34E /* MainVC.swift in Sources */,
				CCDD6F4E1FB2ADFF00D24921 /* UIImageView.swift in Sources */,
				CC018FDC1FB3469000396446 /* NamePictureCell.swift in Sources */,
				CC0973C81FB5795C007F31C1 /* ChatNewViewModel.swift in Sources */,
				CCD689E51FB764EC00235674 /* Utilities.swift in Sources */,
				CC018FF11FB43FCB00396446 /* ContactModel.swift in Sources */,
				CCDD6F421FB1AC7500D24921 /* ChatListVC.swift in Sources */,
				CCD689D91FB7480900235674 /* ContactPictureCell.swift in Sources */,
				CC23562A1FB861060007EA37 /* ParticipantCollCell.swift in Sources */,
				CCD689DD1FB748BD00235674 /* ContactDetailCell.swift in Sources */,
				CCDD6F5C1FB2BC9200D24921 /* NewGroupVC.swift in Sources */,
				CCABBCAE1FB19FC70039B34E /* UIViewController.swift in Sources */,
				CCDD6F631FB2DA9700D24921 /* UILoadingView.swift in Sources */,
				CC018FEB1FB4314D00396446 /* LeaveCell.swift in Sources */,
				CC2356221FB85EB30007EA37 /* GroupNewViewModel.swift in Sources */,
				CC0973D41FB58A62007F31C1 /* SelectContactCell.swift in Sources */,
				CCD689E01FB74AD300235674 /* ContactDetailViewModel.swift in Sources */,
				CCDD6F981FB2ED4900D24921 /* ChatModel.swift in Sources */,
				CC2356171FB76F720007EA37 /* BaseApplication.swift in Sources */,
			);
			runOnlyForDeploymentPostprocessing = 0;
		};
		CCABBC7E1FB187D90039B34E /* Sources */ = {
			isa = PBXSourcesBuildPhase;
			buildActionMask = 2147483647;
			files = (
				CCABBC871FB187D90039B34E /* qiscus_sdk_ios_sample_v2Tests.swift in Sources */,
			);
			runOnlyForDeploymentPostprocessing = 0;
		};
		CCABBC891FB187D90039B34E /* Sources */ = {
			isa = PBXSourcesBuildPhase;
			buildActionMask = 2147483647;
			files = (
				CCABBC921FB187D90039B34E /* qiscus_sdk_ios_sample_v2UITests.swift in Sources */,
			);
			runOnlyForDeploymentPostprocessing = 0;
		};
/* End PBXSourcesBuildPhase section */

/* Begin PBXTargetDependency section */
		CCABBC841FB187D90039B34E /* PBXTargetDependency */ = {
			isa = PBXTargetDependency;
			target = CCABBC6D1FB187D90039B34E /* qiscus-sdk-ios-sample-v2 */;
			targetProxy = CCABBC831FB187D90039B34E /* PBXContainerItemProxy */;
		};
		CCABBC8F1FB187D90039B34E /* PBXTargetDependency */ = {
			isa = PBXTargetDependency;
			target = CCABBC6D1FB187D90039B34E /* qiscus-sdk-ios-sample-v2 */;
			targetProxy = CCABBC8E1FB187D90039B34E /* PBXContainerItemProxy */;
		};
/* End PBXTargetDependency section */

/* Begin PBXVariantGroup section */
		CCABBC7A1FB187D90039B34E /* LaunchScreen.storyboard */ = {
			isa = PBXVariantGroup;
			children = (
				CCABBC7B1FB187D90039B34E /* Base */,
			);
			name = LaunchScreen.storyboard;
			sourceTree = "<group>";
		};
/* End PBXVariantGroup section */

/* Begin XCBuildConfiguration section */
		CCABBC941FB187D90039B34E /* Debug */ = {
			isa = XCBuildConfiguration;
			buildSettings = {
				ALWAYS_SEARCH_USER_PATHS = NO;
				CLANG_ANALYZER_NONNULL = YES;
				CLANG_ANALYZER_NUMBER_OBJECT_CONVERSION = YES_AGGRESSIVE;
				CLANG_CXX_LANGUAGE_STANDARD = "gnu++14";
				CLANG_CXX_LIBRARY = "libc++";
				CLANG_ENABLE_MODULES = YES;
				CLANG_ENABLE_OBJC_ARC = YES;
				CLANG_WARN_BLOCK_CAPTURE_AUTORELEASING = YES;
				CLANG_WARN_BOOL_CONVERSION = YES;
				CLANG_WARN_COMMA = YES;
				CLANG_WARN_CONSTANT_CONVERSION = YES;
				CLANG_WARN_DIRECT_OBJC_ISA_USAGE = YES_ERROR;
				CLANG_WARN_DOCUMENTATION_COMMENTS = YES;
				CLANG_WARN_EMPTY_BODY = YES;
				CLANG_WARN_ENUM_CONVERSION = YES;
				CLANG_WARN_INFINITE_RECURSION = YES;
				CLANG_WARN_INT_CONVERSION = YES;
				CLANG_WARN_NON_LITERAL_NULL_CONVERSION = YES;
				CLANG_WARN_OBJC_LITERAL_CONVERSION = YES;
				CLANG_WARN_OBJC_ROOT_CLASS = YES_ERROR;
				CLANG_WARN_RANGE_LOOP_ANALYSIS = YES;
				CLANG_WARN_STRICT_PROTOTYPES = YES;
				CLANG_WARN_SUSPICIOUS_MOVE = YES;
				CLANG_WARN_UNGUARDED_AVAILABILITY = YES_AGGRESSIVE;
				CLANG_WARN_UNREACHABLE_CODE = YES;
				CLANG_WARN__DUPLICATE_METHOD_MATCH = YES;
				CODE_SIGN_IDENTITY = "iPhone Developer";
				COPY_PHASE_STRIP = NO;
				DEBUG_INFORMATION_FORMAT = dwarf;
				ENABLE_STRICT_OBJC_MSGSEND = YES;
				ENABLE_TESTABILITY = YES;
				GCC_C_LANGUAGE_STANDARD = gnu11;
				GCC_DYNAMIC_NO_PIC = NO;
				GCC_NO_COMMON_BLOCKS = YES;
				GCC_OPTIMIZATION_LEVEL = 0;
				GCC_PREPROCESSOR_DEFINITIONS = (
					"DEBUG=1",
					"$(inherited)",
				);
				GCC_WARN_64_TO_32_BIT_CONVERSION = YES;
				GCC_WARN_ABOUT_RETURN_TYPE = YES_ERROR;
				GCC_WARN_UNDECLARED_SELECTOR = YES;
				GCC_WARN_UNINITIALIZED_AUTOS = YES_AGGRESSIVE;
				GCC_WARN_UNUSED_FUNCTION = YES;
				GCC_WARN_UNUSED_VARIABLE = YES;
				IPHONEOS_DEPLOYMENT_TARGET = 11.1;
				MTL_ENABLE_DEBUG_INFO = YES;
				ONLY_ACTIVE_ARCH = YES;
				SDKROOT = iphoneos;
				SWIFT_ACTIVE_COMPILATION_CONDITIONS = DEBUG;
				SWIFT_OPTIMIZATION_LEVEL = "-Onone";
			};
			name = Debug;
		};
		CCABBC951FB187D90039B34E /* Release */ = {
			isa = XCBuildConfiguration;
			buildSettings = {
				ALWAYS_SEARCH_USER_PATHS = NO;
				CLANG_ANALYZER_NONNULL = YES;
				CLANG_ANALYZER_NUMBER_OBJECT_CONVERSION = YES_AGGRESSIVE;
				CLANG_CXX_LANGUAGE_STANDARD = "gnu++14";
				CLANG_CXX_LIBRARY = "libc++";
				CLANG_ENABLE_MODULES = YES;
				CLANG_ENABLE_OBJC_ARC = YES;
				CLANG_WARN_BLOCK_CAPTURE_AUTORELEASING = YES;
				CLANG_WARN_BOOL_CONVERSION = YES;
				CLANG_WARN_COMMA = YES;
				CLANG_WARN_CONSTANT_CONVERSION = YES;
				CLANG_WARN_DIRECT_OBJC_ISA_USAGE = YES_ERROR;
				CLANG_WARN_DOCUMENTATION_COMMENTS = YES;
				CLANG_WARN_EMPTY_BODY = YES;
				CLANG_WARN_ENUM_CONVERSION = YES;
				CLANG_WARN_INFINITE_RECURSION = YES;
				CLANG_WARN_INT_CONVERSION = YES;
				CLANG_WARN_NON_LITERAL_NULL_CONVERSION = YES;
				CLANG_WARN_OBJC_LITERAL_CONVERSION = YES;
				CLANG_WARN_OBJC_ROOT_CLASS = YES_ERROR;
				CLANG_WARN_RANGE_LOOP_ANALYSIS = YES;
				CLANG_WARN_STRICT_PROTOTYPES = YES;
				CLANG_WARN_SUSPICIOUS_MOVE = YES;
				CLANG_WARN_UNGUARDED_AVAILABILITY = YES_AGGRESSIVE;
				CLANG_WARN_UNREACHABLE_CODE = YES;
				CLANG_WARN__DUPLICATE_METHOD_MATCH = YES;
				CODE_SIGN_IDENTITY = "iPhone Developer";
				COPY_PHASE_STRIP = NO;
				DEBUG_INFORMATION_FORMAT = "dwarf-with-dsym";
				ENABLE_NS_ASSERTIONS = NO;
				ENABLE_STRICT_OBJC_MSGSEND = YES;
				GCC_C_LANGUAGE_STANDARD = gnu11;
				GCC_NO_COMMON_BLOCKS = YES;
				GCC_WARN_64_TO_32_BIT_CONVERSION = YES;
				GCC_WARN_ABOUT_RETURN_TYPE = YES_ERROR;
				GCC_WARN_UNDECLARED_SELECTOR = YES;
				GCC_WARN_UNINITIALIZED_AUTOS = YES_AGGRESSIVE;
				GCC_WARN_UNUSED_FUNCTION = YES;
				GCC_WARN_UNUSED_VARIABLE = YES;
				IPHONEOS_DEPLOYMENT_TARGET = 11.1;
				MTL_ENABLE_DEBUG_INFO = NO;
				SDKROOT = iphoneos;
				SWIFT_OPTIMIZATION_LEVEL = "-Owholemodule";
				VALIDATE_PRODUCT = YES;
			};
			name = Release;
		};
		CCABBC971FB187D90039B34E /* Debug */ = {
			isa = XCBuildConfiguration;
			baseConfigurationReference = 7EB630677B4708E36BCD769B /* Pods-qiscus-sdk-ios-sample-v2.debug.xcconfig */;
			buildSettings = {
				ASSETCATALOG_COMPILER_APPICON_NAME = AppIcon;
				CODE_SIGN_STYLE = Automatic;
				DEVELOPMENT_TEAM = QG8KA4P8TE;
				INFOPLIST_FILE = "qiscus-sdk-ios-sample-v2/Info.plist";
				LD_RUNPATH_SEARCH_PATHS = "$(inherited) @executable_path/Frameworks";
				PRODUCT_BUNDLE_IDENTIFIER = "com.qiscusdev.qiscus-sdk-ios-sample-v2";
				PRODUCT_NAME = "$(TARGET_NAME)";
				SWIFT_VERSION = 3.0;
				TARGETED_DEVICE_FAMILY = "1,2";
			};
			name = Debug;
		};
		CCABBC981FB187D90039B34E /* Release */ = {
			isa = XCBuildConfiguration;
			baseConfigurationReference = EFF151F5ED4B3A7AF165DDCF /* Pods-qiscus-sdk-ios-sample-v2.release.xcconfig */;
			buildSettings = {
				ASSETCATALOG_COMPILER_APPICON_NAME = AppIcon;
				CODE_SIGN_STYLE = Automatic;
				DEVELOPMENT_TEAM = QG8KA4P8TE;
				INFOPLIST_FILE = "qiscus-sdk-ios-sample-v2/Info.plist";
				LD_RUNPATH_SEARCH_PATHS = "$(inherited) @executable_path/Frameworks";
				PRODUCT_BUNDLE_IDENTIFIER = "com.qiscusdev.qiscus-sdk-ios-sample-v2";
				PRODUCT_NAME = "$(TARGET_NAME)";
				SWIFT_VERSION = 3.0;
				TARGETED_DEVICE_FAMILY = "1,2";
			};
			name = Release;
		};
		CCABBC9A1FB187D90039B34E /* Debug */ = {
			isa = XCBuildConfiguration;
			baseConfigurationReference = EEAD325F62959857D2D3ED19 /* Pods-qiscus-sdk-ios-sample-v2Tests.debug.xcconfig */;
			buildSettings = {
				ALWAYS_EMBED_SWIFT_STANDARD_LIBRARIES = YES;
				BUNDLE_LOADER = "$(TEST_HOST)";
				CODE_SIGN_STYLE = Automatic;
				DEVELOPMENT_TEAM = QG8KA4P8TE;
				INFOPLIST_FILE = "qiscus-sdk-ios-sample-v2Tests/Info.plist";
				LD_RUNPATH_SEARCH_PATHS = "$(inherited) @executable_path/Frameworks @loader_path/Frameworks";
				PRODUCT_BUNDLE_IDENTIFIER = "com.qiscusdev.qiscus-sdk-ios-sample-v2Tests";
				PRODUCT_NAME = "$(TARGET_NAME)";
				SWIFT_VERSION = 4.0;
				TARGETED_DEVICE_FAMILY = "1,2";
				TEST_HOST = "$(BUILT_PRODUCTS_DIR)/qiscus-sdk-ios-sample-v2.app/qiscus-sdk-ios-sample-v2";
			};
			name = Debug;
		};
		CCABBC9B1FB187D90039B34E /* Release */ = {
			isa = XCBuildConfiguration;
			baseConfigurationReference = 2E10802BB28CC7E2E725B8E3 /* Pods-qiscus-sdk-ios-sample-v2Tests.release.xcconfig */;
			buildSettings = {
				ALWAYS_EMBED_SWIFT_STANDARD_LIBRARIES = YES;
				BUNDLE_LOADER = "$(TEST_HOST)";
				CODE_SIGN_STYLE = Automatic;
				DEVELOPMENT_TEAM = QG8KA4P8TE;
				INFOPLIST_FILE = "qiscus-sdk-ios-sample-v2Tests/Info.plist";
				LD_RUNPATH_SEARCH_PATHS = "$(inherited) @executable_path/Frameworks @loader_path/Frameworks";
				PRODUCT_BUNDLE_IDENTIFIER = "com.qiscusdev.qiscus-sdk-ios-sample-v2Tests";
				PRODUCT_NAME = "$(TARGET_NAME)";
				SWIFT_VERSION = 4.0;
				TARGETED_DEVICE_FAMILY = "1,2";
				TEST_HOST = "$(BUILT_PRODUCTS_DIR)/qiscus-sdk-ios-sample-v2.app/qiscus-sdk-ios-sample-v2";
			};
			name = Release;
		};
		CCABBC9D1FB187D90039B34E /* Debug */ = {
			isa = XCBuildConfiguration;
			baseConfigurationReference = 6A9F4572E5904F60DA64843B /* Pods-qiscus-sdk-ios-sample-v2UITests.debug.xcconfig */;
			buildSettings = {
				ALWAYS_EMBED_SWIFT_STANDARD_LIBRARIES = YES;
				CODE_SIGN_STYLE = Automatic;
				DEVELOPMENT_TEAM = QG8KA4P8TE;
				INFOPLIST_FILE = "qiscus-sdk-ios-sample-v2UITests/Info.plist";
				LD_RUNPATH_SEARCH_PATHS = "$(inherited) @executable_path/Frameworks @loader_path/Frameworks";
				PRODUCT_BUNDLE_IDENTIFIER = "com.qiscusdev.qiscus-sdk-ios-sample-v2UITests";
				PRODUCT_NAME = "$(TARGET_NAME)";
				SWIFT_VERSION = 4.0;
				TARGETED_DEVICE_FAMILY = "1,2";
				TEST_TARGET_NAME = "qiscus-sdk-ios-sample-v2";
			};
			name = Debug;
		};
		CCABBC9E1FB187D90039B34E /* Release */ = {
			isa = XCBuildConfiguration;
			baseConfigurationReference = C49238FC68A650056EE04BDF /* Pods-qiscus-sdk-ios-sample-v2UITests.release.xcconfig */;
			buildSettings = {
				ALWAYS_EMBED_SWIFT_STANDARD_LIBRARIES = YES;
				CODE_SIGN_STYLE = Automatic;
				DEVELOPMENT_TEAM = QG8KA4P8TE;
				INFOPLIST_FILE = "qiscus-sdk-ios-sample-v2UITests/Info.plist";
				LD_RUNPATH_SEARCH_PATHS = "$(inherited) @executable_path/Frameworks @loader_path/Frameworks";
				PRODUCT_BUNDLE_IDENTIFIER = "com.qiscusdev.qiscus-sdk-ios-sample-v2UITests";
				PRODUCT_NAME = "$(TARGET_NAME)";
				SWIFT_VERSION = 4.0;
				TARGETED_DEVICE_FAMILY = "1,2";
				TEST_TARGET_NAME = "qiscus-sdk-ios-sample-v2";
			};
			name = Release;
		};
/* End XCBuildConfiguration section */

/* Begin XCConfigurationList section */
		CCABBC691FB187D90039B34E /* Build configuration list for PBXProject "qiscus-sdk-ios-sample-v2" */ = {
			isa = XCConfigurationList;
			buildConfigurations = (
				CCABBC941FB187D90039B34E /* Debug */,
				CCABBC951FB187D90039B34E /* Release */,
			);
			defaultConfigurationIsVisible = 0;
			defaultConfigurationName = Release;
		};
		CCABBC961FB187D90039B34E /* Build configuration list for PBXNativeTarget "qiscus-sdk-ios-sample-v2" */ = {
			isa = XCConfigurationList;
			buildConfigurations = (
				CCABBC971FB187D90039B34E /* Debug */,
				CCABBC981FB187D90039B34E /* Release */,
			);
			defaultConfigurationIsVisible = 0;
			defaultConfigurationName = Release;
		};
		CCABBC991FB187D90039B34E /* Build configuration list for PBXNativeTarget "qiscus-sdk-ios-sample-v2Tests" */ = {
			isa = XCConfigurationList;
			buildConfigurations = (
				CCABBC9A1FB187D90039B34E /* Debug */,
				CCABBC9B1FB187D90039B34E /* Release */,
			);
			defaultConfigurationIsVisible = 0;
			defaultConfigurationName = Release;
		};
		CCABBC9C1FB187D90039B34E /* Build configuration list for PBXNativeTarget "qiscus-sdk-ios-sample-v2UITests" */ = {
			isa = XCConfigurationList;
			buildConfigurations = (
				CCABBC9D1FB187D90039B34E /* Debug */,
				CCABBC9E1FB187D90039B34E /* Release */,
			);
			defaultConfigurationIsVisible = 0;
			defaultConfigurationName = Release;
		};
/* End XCConfigurationList section */
	};
	rootObject = CCABBC661FB187D90039B34E /* Project object */;
}
